
Microsoft Visual Studio Solution File, Format Version 12.00
# Visual Studio 15
VisualStudioVersion = 15.0.27130.2020
MinimumVisualStudioVersion = 10.0.40219.1
Project("{FAE04EC0-301F-11D3-BF4B-00C04F79EFBC}") = "ResourcesShoppingCartService", "ResourcesShoppingCartService\ResourcesShoppingCartService.csproj", "{1A3CFE77-2B19-474B-8500-3F0C6B12D099}"
EndProject
Project("{FAE04EC0-301F-11D3-BF4B-00C04F79EFBC}") = "Prithwi.EntityModel", "Prithwi.Model\Prithwi.EntityModel\Prithwi.EntityModel.csproj", "{05AE0D71-690C-4D6F-85D6-4876CFDC1BD0}"
EndProject
Project("{FAE04EC0-301F-11D3-BF4B-00C04F79EFBC}") = "Prithwi.EntityModelConfiguration", "Prithwi.Model\Prithwi.EntityModelConfigurations\Prithwi.EntityModelConfiguration.csproj", "{D6CCD187-3A7B-42C2-A676-1F2887C7BAFB}"
EndProject
Project("{FAE04EC0-301F-11D3-BF4B-00C04F79EFBC}") = "Prithwi.EntityModelInterface", "Prithwi.Model\Prithwi.EntityModelInterface\Prithwi.EntityModelInterface.csproj", "{BE2C6662-0276-4C14-9122-0E6739B48FA3}"
EndProject
Project("{FAE04EC0-301F-11D3-BF4B-00C04F79EFBC}") = "Prithwi.DataAccessLayerInterface", "Prithwi.DAL\Prithwi.DataAccessLayerInterface\Prithwi.DataAccessLayerInterface.csproj", "{DB5B04AE-8E43-47DF-B0DB-CA0522AFCE2B}"
EndProject
Project("{FAE04EC0-301F-11D3-BF4B-00C04F79EFBC}") = "Prithwi.DataAccessLayer", "Prithwi.DAL\Prithwi.DataAccessLayer\Prithwi.DataAccessLayer.csproj", "{1787D229-8C97-4FC7-9374-A8D007DB3755}"
EndProject
Project("{FAE04EC0-301F-11D3-BF4B-00C04F79EFBC}") = "ResourcesShoppingCartServiceInterface", "ResourcesShoppingCartServiceInterface\ResourcesShoppingCartServiceInterface.csproj", "{06EADDFB-4ECB-4754-AA02-8F8E10175C4C}"
EndProject
Project("{FAE04EC0-301F-11D3-BF4B-00C04F79EFBC}") = "ResourcesShoppingCartServiceLibrary", "ResourcesShoppingCartServiceLibrary\ResourcesShoppingCartServiceLibrary.csproj", "{D8F7B716-5ED2-47E0-B771-F37E8C5C951C}"
EndProject
Project("{00D1A9C2-B5F0-4AF3-8072-F6C62B433612}") = "ResourcessDatabase", "ResourcessDatabase\ResourcessDatabase.sqlproj", "{037D0891-EBB5-43CA-A1B0-5606AA8428EC}"
EndProject
Global
	GlobalSection(SolutionConfigurationPlatforms) = preSolution
		Debug|Any CPU = Debug|Any CPU
		Dev|Any CPU = Dev|Any CPU
		Prod|Any CPU = Prod|Any CPU
		Release|Any CPU = Release|Any CPU
		test|Any CPU = test|Any CPU
		Uat|Any CPU = Uat|Any CPU
	EndGlobalSection
	GlobalSection(ProjectConfigurationPlatforms) = postSolution
		{1A3CFE77-2B19-474B-8500-3F0C6B12D099}.Debug|Any CPU.ActiveCfg = Prod|Any CPU
		{1A3CFE77-2B19-474B-8500-3F0C6B12D099}.Debug|Any CPU.Build.0 = Prod|Any CPU
		{1A3CFE77-2B19-474B-8500-3F0C6B12D099}.Dev|Any CPU.ActiveCfg = Dev|Any CPU
		{1A3CFE77-2B19-474B-8500-3F0C6B12D099}.Dev|Any CPU.Build.0 = Dev|Any CPU
		{1A3CFE77-2B19-474B-8500-3F0C6B12D099}.Prod|Any CPU.ActiveCfg = Prod|Any CPU
		{1A3CFE77-2B19-474B-8500-3F0C6B12D099}.Prod|Any CPU.Build.0 = Prod|Any CPU
		{1A3CFE77-2B19-474B-8500-3F0C6B12D099}.Release|Any CPU.ActiveCfg = Release|Any CPU
		{1A3CFE77-2B19-474B-8500-3F0C6B12D099}.Release|Any CPU.Build.0 = Release|Any CPU
		{1A3CFE77-2B19-474B-8500-3F0C6B12D099}.test|Any CPU.ActiveCfg = Uat|Any CPU
		{1A3CFE77-2B19-474B-8500-3F0C6B12D099}.test|Any CPU.Build.0 = Uat|Any CPU
		{1A3CFE77-2B19-474B-8500-3F0C6B12D099}.Uat|Any CPU.ActiveCfg = Uat|Any CPU
		{1A3CFE77-2B19-474B-8500-3F0C6B12D099}.Uat|Any CPU.Build.0 = Uat|Any CPU
		{05AE0D71-690C-4D6F-85D6-4876CFDC1BD0}.Debug|Any CPU.ActiveCfg = Debug|Any CPU
		{05AE0D71-690C-4D6F-85D6-4876CFDC1BD0}.Debug|Any CPU.Build.0 = Debug|Any CPU
		{05AE0D71-690C-4D6F-85D6-4876CFDC1BD0}.Dev|Any CPU.ActiveCfg = Debug|Any CPU
		{05AE0D71-690C-4D6F-85D6-4876CFDC1BD0}.Dev|Any CPU.Build.0 = Debug|Any CPU
		{05AE0D71-690C-4D6F-85D6-4876CFDC1BD0}.Prod|Any CPU.ActiveCfg = Release|Any CPU
		{05AE0D71-690C-4D6F-85D6-4876CFDC1BD0}.Prod|Any CPU.Build.0 = Release|Any CPU
		{05AE0D71-690C-4D6F-85D6-4876CFDC1BD0}.Release|Any CPU.ActiveCfg = Release|Any CPU
		{05AE0D71-690C-4D6F-85D6-4876CFDC1BD0}.Release|Any CPU.Build.0 = Release|Any CPU
		{05AE0D71-690C-4D6F-85D6-4876CFDC1BD0}.test|Any CPU.ActiveCfg = Release|Any CPU
		{05AE0D71-690C-4D6F-85D6-4876CFDC1BD0}.test|Any CPU.Build.0 = Release|Any CPU
		{05AE0D71-690C-4D6F-85D6-4876CFDC1BD0}.Uat|Any CPU.ActiveCfg = Release|Any CPU
		{05AE0D71-690C-4D6F-85D6-4876CFDC1BD0}.Uat|Any CPU.Build.0 = Release|Any CPU
		{D6CCD187-3A7B-42C2-A676-1F2887C7BAFB}.Debug|Any CPU.ActiveCfg = Debug|Any CPU
		{D6CCD187-3A7B-42C2-A676-1F2887C7BAFB}.Debug|Any CPU.Build.0 = Debug|Any CPU
		{D6CCD187-3A7B-42C2-A676-1F2887C7BAFB}.Dev|Any CPU.ActiveCfg = Debug|Any CPU
		{D6CCD187-3A7B-42C2-A676-1F2887C7BAFB}.Dev|Any CPU.Build.0 = Debug|Any CPU
		{D6CCD187-3A7B-42C2-A676-1F2887C7BAFB}.Prod|Any CPU.ActiveCfg = Release|Any CPU
		{D6CCD187-3A7B-42C2-A676-1F2887C7BAFB}.Prod|Any CPU.Build.0 = Release|Any CPU
		{D6CCD187-3A7B-42C2-A676-1F2887C7BAFB}.Release|Any CPU.ActiveCfg = Release|Any CPU
		{D6CCD187-3A7B-42C2-A676-1F2887C7BAFB}.Release|Any CPU.Build.0 = Release|Any CPU
		{D6CCD187-3A7B-42C2-A676-1F2887C7BAFB}.test|Any CPU.ActiveCfg = Release|Any CPU
		{D6CCD187-3A7B-42C2-A676-1F2887C7BAFB}.test|Any CPU.Build.0 = Release|Any CPU
		{D6CCD187-3A7B-42C2-A676-1F2887C7BAFB}.Uat|Any CPU.ActiveCfg = Release|Any CPU
		{D6CCD187-3A7B-42C2-A676-1F2887C7BAFB}.Uat|Any CPU.Build.0 = Release|Any CPU
		{BE2C6662-0276-4C14-9122-0E6739B48FA3}.Debug|Any CPU.ActiveCfg = Debug|Any CPU
		{BE2C6662-0276-4C14-9122-0E6739B48FA3}.Debug|Any CPU.Build.0 = Debug|Any CPU
		{BE2C6662-0276-4C14-9122-0E6739B48FA3}.Dev|Any CPU.ActiveCfg = Debug|Any CPU
		{BE2C6662-0276-4C14-9122-0E6739B48FA3}.Dev|Any CPU.Build.0 = Debug|Any CPU
		{BE2C6662-0276-4C14-9122-0E6739B48FA3}.Prod|Any CPU.ActiveCfg = Release|Any CPU
		{BE2C6662-0276-4C14-9122-0E6739B48FA3}.Prod|Any CPU.Build.0 = Release|Any CPU
		{BE2C6662-0276-4C14-9122-0E6739B48FA3}.Release|Any CPU.ActiveCfg = Release|Any CPU
		{BE2C6662-0276-4C14-9122-0E6739B48FA3}.Release|Any CPU.Build.0 = Release|Any CPU
		{BE2C6662-0276-4C14-9122-0E6739B48FA3}.test|Any CPU.ActiveCfg = Release|Any CPU
		{BE2C6662-0276-4C14-9122-0E6739B48FA3}.test|Any CPU.Build.0 = Release|Any CPU
		{BE2C6662-0276-4C14-9122-0E6739B48FA3}.Uat|Any CPU.ActiveCfg = Release|Any CPU
		{BE2C6662-0276-4C14-9122-0E6739B48FA3}.Uat|Any CPU.Build.0 = Release|Any CPU
		{DB5B04AE-8E43-47DF-B0DB-CA0522AFCE2B}.Debug|Any CPU.ActiveCfg = Debug|Any CPU
		{DB5B04AE-8E43-47DF-B0DB-CA0522AFCE2B}.Debug|Any CPU.Build.0 = Debug|Any CPU
		{DB5B04AE-8E43-47DF-B0DB-CA0522AFCE2B}.Dev|Any CPU.ActiveCfg = Debug|Any CPU
		{DB5B04AE-8E43-47DF-B0DB-CA0522AFCE2B}.Dev|Any CPU.Build.0 = Debug|Any CPU
		{DB5B04AE-8E43-47DF-B0DB-CA0522AFCE2B}.Prod|Any CPU.ActiveCfg = Release|Any CPU
		{DB5B04AE-8E43-47DF-B0DB-CA0522AFCE2B}.Prod|Any CPU.Build.0 = Release|Any CPU
		{DB5B04AE-8E43-47DF-B0DB-CA0522AFCE2B}.Release|Any CPU.ActiveCfg = Release|Any CPU
		{DB5B04AE-8E43-47DF-B0DB-CA0522AFCE2B}.Release|Any CPU.Build.0 = Release|Any CPU
		{DB5B04AE-8E43-47DF-B0DB-CA0522AFCE2B}.test|Any CPU.ActiveCfg = Release|Any CPU
		{DB5B04AE-8E43-47DF-B0DB-CA0522AFCE2B}.test|Any CPU.Build.0 = Release|Any CPU
		{DB5B04AE-8E43-47DF-B0DB-CA0522AFCE2B}.Uat|Any CPU.ActiveCfg = Release|Any CPU
		{DB5B04AE-8E43-47DF-B0DB-CA0522AFCE2B}.Uat|Any CPU.Build.0 = Release|Any CPU
		{1787D229-8C97-4FC7-9374-A8D007DB3755}.Debug|Any CPU.ActiveCfg = Debug|Any CPU
		{1787D229-8C97-4FC7-9374-A8D007DB3755}.Debug|Any CPU.Build.0 = Debug|Any CPU
		{1787D229-8C97-4FC7-9374-A8D007DB3755}.Dev|Any CPU.ActiveCfg = Debug|Any CPU
		{1787D229-8C97-4FC7-9374-A8D007DB3755}.Dev|Any CPU.Build.0 = Debug|Any CPU
		{1787D229-8C97-4FC7-9374-A8D007DB3755}.Prod|Any CPU.ActiveCfg = Release|Any CPU
		{1787D229-8C97-4FC7-9374-A8D007DB3755}.Prod|Any CPU.Build.0 = Release|Any CPU
		{1787D229-8C97-4FC7-9374-A8D007DB3755}.Release|Any CPU.ActiveCfg = Release|Any CPU
		{1787D229-8C97-4FC7-9374-A8D007DB3755}.Release|Any CPU.Build.0 = Release|Any CPU
		{1787D229-8C97-4FC7-9374-A8D007DB3755}.test|Any CPU.ActiveCfg = Release|Any CPU
		{1787D229-8C97-4FC7-9374-A8D007DB3755}.test|Any CPU.Build.0 = Release|Any CPU
		{1787D229-8C97-4FC7-9374-A8D007DB3755}.Uat|Any CPU.ActiveCfg = Release|Any CPU
		{1787D229-8C97-4FC7-9374-A8D007DB3755}.Uat|Any CPU.Build.0 = Release|Any CPU
		{06EADDFB-4ECB-4754-AA02-8F8E10175C4C}.Debug|Any CPU.ActiveCfg = Debug|Any CPU
		{06EADDFB-4ECB-4754-AA02-8F8E10175C4C}.Debug|Any CPU.Build.0 = Debug|Any CPU
		{06EADDFB-4ECB-4754-AA02-8F8E10175C4C}.Dev|Any CPU.ActiveCfg = Dev|Any CPU
		{06EADDFB-4ECB-4754-AA02-8F8E10175C4C}.Dev|Any CPU.Build.0 = Dev|Any CPU
		{06EADDFB-4ECB-4754-AA02-8F8E10175C4C}.Prod|Any CPU.ActiveCfg = Prod|Any CPU
		{06EADDFB-4ECB-4754-AA02-8F8E10175C4C}.Prod|Any CPU.Build.0 = Prod|Any CPU
		{06EADDFB-4ECB-4754-AA02-8F8E10175C4C}.Release|Any CPU.ActiveCfg = Release|Any CPU
		{06EADDFB-4ECB-4754-AA02-8F8E10175C4C}.Release|Any CPU.Build.0 = Release|Any CPU
		{06EADDFB-4ECB-4754-AA02-8F8E10175C4C}.test|Any CPU.ActiveCfg = Uat|Any CPU
		{06EADDFB-4ECB-4754-AA02-8F8E10175C4C}.test|Any CPU.Build.0 = Uat|Any CPU
		{06EADDFB-4ECB-4754-AA02-8F8E10175C4C}.Uat|Any CPU.ActiveCfg = Uat|Any CPU
		{06EADDFB-4ECB-4754-AA02-8F8E10175C4C}.Uat|Any CPU.Build.0 = Uat|Any CPU
		{D8F7B716-5ED2-47E0-B771-F37E8C5C951C}.Debug|Any CPU.ActiveCfg = Debug|Any CPU
		{D8F7B716-5ED2-47E0-B771-F37E8C5C951C}.Debug|Any CPU.Build.0 = Debug|Any CPU
		{D8F7B716-5ED2-47E0-B771-F37E8C5C951C}.Dev|Any CPU.ActiveCfg = Dev|Any CPU
		{D8F7B716-5ED2-47E0-B771-F37E8C5C951C}.Dev|Any CPU.Build.0 = Dev|Any CPU
		{D8F7B716-5ED2-47E0-B771-F37E8C5C951C}.Prod|Any CPU.ActiveCfg = Prod|Any CPU
		{D8F7B716-5ED2-47E0-B771-F37E8C5C951C}.Prod|Any CPU.Build.0 = Prod|Any CPU
		{D8F7B716-5ED2-47E0-B771-F37E8C5C951C}.Release|Any CPU.ActiveCfg = Release|Any CPU
		{D8F7B716-5ED2-47E0-B771-F37E8C5C951C}.Release|Any CPU.Build.0 = Release|Any CPU
		{D8F7B716-5ED2-47E0-B771-F37E8C5C951C}.test|Any CPU.ActiveCfg = Uat|Any CPU
		{D8F7B716-5ED2-47E0-B771-F37E8C5C951C}.test|Any CPU.Build.0 = Uat|Any CPU
		{D8F7B716-5ED2-47E0-B771-F37E8C5C951C}.Uat|Any CPU.ActiveCfg = Uat|Any CPU
		{D8F7B716-5ED2-47E0-B771-F37E8C5C951C}.Uat|Any CPU.Build.0 = Uat|Any CPU
		{037D0891-EBB5-43CA-A1B0-5606AA8428EC}.Debug|Any CPU.ActiveCfg = Debug|Any CPU
		{037D0891-EBB5-43CA-A1B0-5606AA8428EC}.Debug|Any CPU.Build.0 = Debug|Any CPU
		{037D0891-EBB5-43CA-A1B0-5606AA8428EC}.Debug|Any CPU.Deploy.0 = Debug|Any CPU
		{037D0891-EBB5-43CA-A1B0-5606AA8428EC}.Dev|Any CPU.ActiveCfg = Debug|Any CPU
		{037D0891-EBB5-43CA-A1B0-5606AA8428EC}.Dev|Any CPU.Build.0 = Debug|Any CPU
		{037D0891-EBB5-43CA-A1B0-5606AA8428EC}.Dev|Any CPU.Deploy.0 = Debug|Any CPU
		{037D0891-EBB5-43CA-A1B0-5606AA8428EC}.Prod|Any CPU.ActiveCfg = Release|Any CPU
		{037D0891-EBB5-43CA-A1B0-5606AA8428EC}.Prod|Any CPU.Build.0 = Release|Any CPU
		{037D0891-EBB5-43CA-A1B0-5606AA8428EC}.Release|Any CPU.ActiveCfg = Release|Any CPU
		{037D0891-EBB5-43CA-A1B0-5606AA8428EC}.Release|Any CPU.Build.0 = Release|Any CPU
		{037D0891-EBB5-43CA-A1B0-5606AA8428EC}.Release|Any CPU.Deploy.0 = Release|Any CPU
		{037D0891-EBB5-43CA-A1B0-5606AA8428EC}.test|Any CPU.ActiveCfg = Release|Any CPU
		{037D0891-EBB5-43CA-A1B0-5606AA8428EC}.test|Any CPU.Build.0 = Release|Any CPU
		{037D0891-EBB5-43CA-A1B0-5606AA8428EC}.test|Any CPU.Deploy.0 = Release|Any CPU
		{037D0891-EBB5-43CA-A1B0-5606AA8428EC}.Uat|Any CPU.ActiveCfg = Debug|Any CPU
		{037D0891-EBB5-43CA-A1B0-5606AA8428EC}.Uat|Any CPU.Build.0 = Debug|Any CPU
		{037D0891-EBB5-43CA-A1B0-5606AA8428EC}.Uat|Any CPU.Deploy.0 = Debug|Any CPU
	EndGlobalSection
	GlobalSection(SolutionProperties) = preSolution
		HideSolutionNode = FALSE
	EndGlobalSection
	GlobalSection(ExtensibilityGlobals) = postSolution
		SolutionGuid = {1F6A1DC3-E4FF-42BF-8CF9-91B7E0B5B452}
	EndGlobalSection
EndGlobal
